
Microsoft Visual Studio Solution File, Format Version 12.00
# Visual Studio Version 16
VisualStudioVersion = 16.0.29519.87
MinimumVisualStudioVersion = 10.0.40219.1
Project("{FAE04EC0-301F-11D3-BF4B-00C04F79EFBC}") = "ManagedDoom", "ManagedDoom\ManagedDoom.csproj", "{0ADDF6FA-4AF5-4A8B-BA6F-260A6F70FDD9}"
EndProject
Project("{FAE04EC0-301F-11D3-BF4B-00C04F79EFBC}") = "ManagedDoomTest", "ManagedDoomTest\ManagedDoomTest.csproj", "{3C8EB699-FD61-4952-87AD-33A0044A0CB2}"
EndProject
Global
	GlobalSection(SolutionConfigurationPlatforms) = preSolution
		Debug|Any CPU = Debug|Any CPU
		Release|Any CPU = Release|Any CPU
	EndGlobalSection
	GlobalSection(ProjectConfigurationPlatforms) = postSolution
		{0ADDF6FA-4AF5-4A8B-BA6F-260A6F70FDD9}.Debug|Any CPU.ActiveCfg = Debug|Any CPU
		{0ADDF6FA-4AF5-4A8B-BA6F-260A6F70FDD9}.Debug|Any CPU.Build.0 = Debug|Any CPU
		{0ADDF6FA-4AF5-4A8B-BA6F-260A6F70FDD9}.Release|Any CPU.ActiveCfg = Release|Any CPU
		{0ADDF6FA-4AF5-4A8B-BA6F-260A6F70FDD9}.Release|Any CPU.Build.0 = Release|Any CPU
		{3C8EB699-FD61-4952-87AD-33A0044A0CB2}.Debug|Any CPU.ActiveCfg = Debug|Any CPU
		{3C8EB699-FD61-4952-87AD-33A0044A0CB2}.Debug|Any CPU.Build.0 = Debug|Any CPU
		{3C8EB699-FD61-4952-87AD-33A0044A0CB2}.Release|Any CPU.ActiveCfg = Release|Any CPU
		{3C8EB699-FD61-4952-87AD-33A0044A0CB2}.Release|Any CPU.Build.0 = Release|Any CPU
	EndGlobalSection
	GlobalSection(SolutionProperties) = preSolution
		HideSolutionNode = FALSE
	EndGlobalSection
	GlobalSection(ExtensibilityGlobals) = postSolution
		SolutionGuid = {2EA5D015-FB83-4E41-A368-1D8DC542CA03}
	EndGlobalSection
EndGlobal
